{
    "name": "corvee-processor",
    "version": "2.0.0-beta.7",
    "lockfileVersion": 2,
    "requires": true,
    "packages": {
        "": {
            "name": "corvee-processor",
            "version": "2.0.0-beta.7",
            "license": "ISC",
            "dependencies": {
                "eventemitter3": "^4.0.0",
                "io-validate": "^2.1.13",
                "is-plain-object": "^3.0.0",
                "progress": "^2.0.3",
                "underscore": "^1.9.1"
            },
            "engines": {
                "node": ">=18.1.0"
            }
        },
        "node_modules/eventemitter3": {
            "version": "4.0.7",
            "resolved": "https://registry.npmjs.org/eventemitter3/-/eventemitter3-4.0.7.tgz",
            "integrity": "sha512-8guHBZCwKnFhYdHr2ysuRWErTwhoN2X8XELRlrRwpmfeY2jjuUN4taQMsULKUVo1K4DvZl+0pgfyoysHxvmvEw=="
        },
        "node_modules/io-validate": {
            "version": "2.2.1",
            "resolved": "https://registry.npmjs.org/io-validate/-/io-validate-2.2.1.tgz",
            "integrity": "sha512-fvlElr/A4y5bqSwnKJ6kdZA50fXnn8TkV1ZSgGVd3XzyEX8PJlGF0koLAJJiCFsWaM0+8JG0vo1ArmhhsAeJFQ==",
            "dependencies": {
                "lodash": "^4.17.4"
            }
        },
        "node_modules/is-plain-object": {
            "version": "3.0.1",
            "resolved": "https://registry.npmjs.org/is-plain-object/-/is-plain-object-3.0.1.tgz",
            "integrity": "sha512-Xnpx182SBMrr/aBik8y+GuR4U1L9FqMSojwDQwPMmxyC6bvEqly9UBCxhauBF5vNh2gwWJNX6oDV7O+OM4z34g==",
            "engines": {
                "node": ">=0.10.0"
            }
        },
        "node_modules/lodash": {
            "version": "4.17.21",
            "resolved": "https://registry.npmjs.org/lodash/-/lodash-4.17.21.tgz",
            "integrity": "sha512-v2kDEe57lecTulaDIuNTPy3Ry4gLGJ6Z1O3vE1krgXZNrsQ+LFTGHVxVjcXPs17LhbZVGedAJv8XZ1tvj5FvSg=="
        },
        "node_modules/progress": {
            "version": "2.0.3",
            "resolved": "https://registry.npmjs.org/progress/-/progress-2.0.3.tgz",
            "integrity": "sha512-7PiHtLll5LdnKIMw100I+8xJXR5gW2QwWYkT6iJva0bXitZKa/XMrSbdmg3r2Xnaidz9Qumd0VPaMrZlF9V9sA==",
            "engines": {
                "node": ">=0.4.0"
            }
        },
        "node_modules/underscore": {
            "version": "1.13.4",
            "resolved": "https://registry.npmjs.org/underscore/-/underscore-1.13.4.tgz",
            "integrity": "sha512-BQFnUDuAQ4Yf/cYY5LNrK9NCJFKriaRbD9uR1fTeXnBeoa97W0i41qkZfGO9pSo8I5KzjAcSY2XYtdf0oKd7KQ=="
        }
    },
    "dependencies": {
        "eventemitter3": {
            "version": "4.0.7",
            "resolved": "https://registry.npmjs.org/eventemitter3/-/eventemitter3-4.0.7.tgz",
            "integrity": "sha512-8guHBZCwKnFhYdHr2ysuRWErTwhoN2X8XELRlrRwpmfeY2jjuUN4taQMsULKUVo1K4DvZl+0pgfyoysHxvmvEw=="
        },
        "io-validate": {
            "version": "2.2.1",
            "resolved": "https://registry.npmjs.org/io-validate/-/io-validate-2.2.1.tgz",
            "integrity": "sha512-fvlElr/A4y5bqSwnKJ6kdZA50fXnn8TkV1ZSgGVd3XzyEX8PJlGF0koLAJJiCFsWaM0+8JG0vo1ArmhhsAeJFQ==",
            "requires": {
                "lodash": "^4.17.4"
            }
        },
        "is-plain-object": {
            "version": "3.0.1",
            "resolved": "https://registry.npmjs.org/is-plain-object/-/is-plain-object-3.0.1.tgz",
            "integrity": "sha512-Xnpx182SBMrr/aBik8y+GuR4U1L9FqMSojwDQwPMmxyC6bvEqly9UBCxhauBF5vNh2gwWJNX6oDV7O+OM4z34g=="
        },
        "lodash": {
            "version": "4.17.21",
            "resolved": "https://registry.npmjs.org/lodash/-/lodash-4.17.21.tgz",
            "integrity": "sha512-v2kDEe57lecTulaDIuNTPy3Ry4gLGJ6Z1O3vE1krgXZNrsQ+LFTGHVxVjcXPs17LhbZVGedAJv8XZ1tvj5FvSg=="
        },
        "progress": {
            "version": "2.0.3",
            "resolved": "https://registry.npmjs.org/progress/-/progress-2.0.3.tgz",
            "integrity": "sha512-7PiHtLll5LdnKIMw100I+8xJXR5gW2QwWYkT6iJva0bXitZKa/XMrSbdmg3r2Xnaidz9Qumd0VPaMrZlF9V9sA=="
        },
        "underscore": {
            "version": "1.13.4",
            "resolved": "https://registry.npmjs.org/underscore/-/underscore-1.13.4.tgz",
            "integrity": "sha512-BQFnUDuAQ4Yf/cYY5LNrK9NCJFKriaRbD9uR1fTeXnBeoa97W0i41qkZfGO9pSo8I5KzjAcSY2XYtdf0oKd7KQ=="
        }
    }
}
