{
    "name": "@corvee/processor",
    "version": "1.0.0",
    "lockfileVersion": 2,
    "requires": true,
    "packages": {
        "": {
            "name": "@corvee/processor",
            "version": "1.0.0",
            "license": "ISC",
            "dependencies": {
                "esm": "^3.2.25",
                "eventemitter3": "^4.0.0",
                "io-validate": "^2.1.13",
                "is-plain-object": "^3.0.0",
                "lodash": "^4.17.15",
                "progress": "^2.0.3",
                "underscore": "^1.9.1"
            }
        },
        "node_modules/esm": {
            "version": "3.2.25",
            "resolved": "https://registry.npmjs.org/esm/-/esm-3.2.25.tgz",
            "integrity": "sha512-U1suiZ2oDVWv4zPO56S0NcR5QriEahGtdN2OR6FiOG4WJvcjBVFB0qI4+eKoWFH483PKGuLuu6V8Z4T5g63UVA==",
            "engines": {
                "node": ">=6"
            }
        },
        "node_modules/eventemitter3": {
            "version": "4.0.0",
            "resolved": "https://registry.npmjs.org/eventemitter3/-/eventemitter3-4.0.0.tgz",
            "integrity": "sha512-qerSRB0p+UDEssxTtm6EDKcE7W4OaoisfIMl4CngyEhjpYglocpNg6UEqCvemdGhosAsg4sO2dXJOdyBifPGCg=="
        },
        "node_modules/io-validate": {
            "version": "2.1.13",
            "resolved": "https://registry.npmjs.org/io-validate/-/io-validate-2.1.13.tgz",
            "integrity": "sha512-3ZbuX6FHuUbxoRDKRy6yJ/+AKOjFJ1hVGy8OgngKOgejAEW64N41x+6MiBEHgjHbjeMBp54LKhCaoTb6UKYjqg==",
            "dependencies": {
                "lodash": "^4.17.4"
            }
        },
        "node_modules/is-plain-object": {
            "version": "3.0.0",
            "resolved": "https://registry.npmjs.org/is-plain-object/-/is-plain-object-3.0.0.tgz",
            "integrity": "sha512-tZIpofR+P05k8Aocp7UI/2UTa9lTJSebCXpFFoR9aibpokDj/uXBsJ8luUu0tTVYKkMU6URDUuOfJZ7koewXvg==",
            "dependencies": {
                "isobject": "^4.0.0"
            },
            "engines": {
                "node": ">=0.10.0"
            }
        },
        "node_modules/is-plain-object/node_modules/isobject": {
            "version": "4.0.0",
            "resolved": "https://registry.npmjs.org/isobject/-/isobject-4.0.0.tgz",
            "integrity": "sha512-S/2fF5wH8SJA/kmwr6HYhK/RI/OkhD84k8ntalo0iJjZikgq1XFvR5M8NPT1x5F7fBwCG3qHfnzeP/Vh/ZxCUA==",
            "engines": {
                "node": ">=0.10.0"
            }
        },
        "node_modules/lodash": {
            "version": "4.17.15",
            "resolved": "https://registry.npmjs.org/lodash/-/lodash-4.17.15.tgz",
            "integrity": "sha512-8xOcRHvCjnocdS5cpwXQXVzmmh5e5+saE2QGoeQmbKmRS6J3VQppPOIt0MnmE+4xlZoumy0GPG0D0MVIQbNA1A=="
        },
        "node_modules/progress": {
            "version": "2.0.3",
            "resolved": "https://registry.npmjs.org/progress/-/progress-2.0.3.tgz",
            "integrity": "sha512-7PiHtLll5LdnKIMw100I+8xJXR5gW2QwWYkT6iJva0bXitZKa/XMrSbdmg3r2Xnaidz9Qumd0VPaMrZlF9V9sA==",
            "engines": {
                "node": ">=0.4.0"
            }
        },
        "node_modules/underscore": {
            "version": "1.9.1",
            "resolved": "https://registry.npmjs.org/underscore/-/underscore-1.9.1.tgz",
            "integrity": "sha512-5/4etnCkd9c8gwgowi5/om/mYO5ajCaOgdzj/oW+0eQV9WxKBDZw5+ycmKmeaTXjInS/W0BzpGLo2xR2aBwZdg=="
        }
    },
    "dependencies": {
        "esm": {
            "version": "3.2.25",
            "resolved": "https://registry.npmjs.org/esm/-/esm-3.2.25.tgz",
            "integrity": "sha512-U1suiZ2oDVWv4zPO56S0NcR5QriEahGtdN2OR6FiOG4WJvcjBVFB0qI4+eKoWFH483PKGuLuu6V8Z4T5g63UVA=="
        },
        "eventemitter3": {
            "version": "4.0.0",
            "resolved": "https://registry.npmjs.org/eventemitter3/-/eventemitter3-4.0.0.tgz",
            "integrity": "sha512-qerSRB0p+UDEssxTtm6EDKcE7W4OaoisfIMl4CngyEhjpYglocpNg6UEqCvemdGhosAsg4sO2dXJOdyBifPGCg=="
        },
        "io-validate": {
            "version": "2.1.13",
            "resolved": "https://registry.npmjs.org/io-validate/-/io-validate-2.1.13.tgz",
            "integrity": "sha512-3ZbuX6FHuUbxoRDKRy6yJ/+AKOjFJ1hVGy8OgngKOgejAEW64N41x+6MiBEHgjHbjeMBp54LKhCaoTb6UKYjqg==",
            "requires": {
                "lodash": "^4.17.4"
            }
        },
        "is-plain-object": {
            "version": "3.0.0",
            "resolved": "https://registry.npmjs.org/is-plain-object/-/is-plain-object-3.0.0.tgz",
            "integrity": "sha512-tZIpofR+P05k8Aocp7UI/2UTa9lTJSebCXpFFoR9aibpokDj/uXBsJ8luUu0tTVYKkMU6URDUuOfJZ7koewXvg==",
            "requires": {
                "isobject": "^4.0.0"
            },
            "dependencies": {
                "isobject": {
                    "version": "4.0.0",
                    "resolved": "https://registry.npmjs.org/isobject/-/isobject-4.0.0.tgz",
                    "integrity": "sha512-S/2fF5wH8SJA/kmwr6HYhK/RI/OkhD84k8ntalo0iJjZikgq1XFvR5M8NPT1x5F7fBwCG3qHfnzeP/Vh/ZxCUA=="
                }
            }
        },
        "lodash": {
            "version": "4.17.15",
            "resolved": "https://registry.npmjs.org/lodash/-/lodash-4.17.15.tgz",
            "integrity": "sha512-8xOcRHvCjnocdS5cpwXQXVzmmh5e5+saE2QGoeQmbKmRS6J3VQppPOIt0MnmE+4xlZoumy0GPG0D0MVIQbNA1A=="
        },
        "progress": {
            "version": "2.0.3",
            "resolved": "https://registry.npmjs.org/progress/-/progress-2.0.3.tgz",
            "integrity": "sha512-7PiHtLll5LdnKIMw100I+8xJXR5gW2QwWYkT6iJva0bXitZKa/XMrSbdmg3r2Xnaidz9Qumd0VPaMrZlF9V9sA=="
        },
        "underscore": {
            "version": "1.9.1",
            "resolved": "https://registry.npmjs.org/underscore/-/underscore-1.9.1.tgz",
            "integrity": "sha512-5/4etnCkd9c8gwgowi5/om/mYO5ajCaOgdzj/oW+0eQV9WxKBDZw5+ycmKmeaTXjInS/W0BzpGLo2xR2aBwZdg=="
        }
    }
}
